
Microsoft Visual Studio Solution File, Format Version 12.00
# Visual Studio Version 16
VisualStudioVersion = 16.0.30517.126
MinimumVisualStudioVersion = 10.0.40219.1
Project("{9A19103F-16F7-4668-BE54-9A1E7A4F7556}") = "RegexUserRegistration", "RegexUserRegistration\RegexUserRegistration.csproj", "{76A88B35-6906-4CC5-9026-D77166C67BBF}"
EndProject
Project("{FAE04EC0-301F-11D3-BF4B-00C04F79EFBC}") = "UserRegistrationUnitTest", "UserRegistrationUnitTest\UserRegistrationUnitTest.csproj", "{7077B427-18E1-40AD-999B-8B7E1FAE8C3D}"
EndProject
Global
	GlobalSection(SolutionConfigurationPlatforms) = preSolution
		Debug|Any CPU = Debug|Any CPU
		Release|Any CPU = Release|Any CPU
	EndGlobalSection
	GlobalSection(ProjectConfigurationPlatforms) = postSolution
		{76A88B35-6906-4CC5-9026-D77166C67BBF}.Debug|Any CPU.ActiveCfg = Debug|Any CPU
		{76A88B35-6906-4CC5-9026-D77166C67BBF}.Debug|Any CPU.Build.0 = Debug|Any CPU
		{76A88B35-6906-4CC5-9026-D77166C67BBF}.Release|Any CPU.ActiveCfg = Release|Any CPU
		{76A88B35-6906-4CC5-9026-D77166C67BBF}.Release|Any CPU.Build.0 = Release|Any CPU
		{7077B427-18E1-40AD-999B-8B7E1FAE8C3D}.Debug|Any CPU.ActiveCfg = Debug|Any CPU
		{7077B427-18E1-40AD-999B-8B7E1FAE8C3D}.Debug|Any CPU.Build.0 = Debug|Any CPU
		{7077B427-18E1-40AD-999B-8B7E1FAE8C3D}.Release|Any CPU.ActiveCfg = Release|Any CPU
		{7077B427-18E1-40AD-999B-8B7E1FAE8C3D}.Release|Any CPU.Build.0 = Release|Any CPU
	EndGlobalSection
	GlobalSection(SolutionProperties) = preSolution
		HideSolutionNode = FALSE
	EndGlobalSection
	GlobalSection(ExtensibilityGlobals) = postSolution
		SolutionGuid = {A41BE5E2-ECF3-46CB-8C25-D174E8C08291}
	EndGlobalSection
EndGlobal
